
Microsoft Visual Studio Solution File, Format Version 12.00
# Visual Studio Version 17
VisualStudioVersion = 17.10.35027.167
MinimumVisualStudioVersion = 10.0.40219.1
Project("{FAE04EC0-301F-11D3-BF4B-00C04F79EFBC}") = "Singleton", "Singleton\Singleton.csproj", "{A19BE759-0D57-4FAD-81A3-063F84876C47}"
EndProject
Project("{FAE04EC0-301F-11D3-BF4B-00C04F79EFBC}") = "FactoryMethod", "FactoryMethod\FactoryMethod.csproj", "{D6D8D248-D45C-48CA-A099-8FF99BF800CE}"
EndProject
Project("{FAE04EC0-301F-11D3-BF4B-00C04F79EFBC}") = "AbstractFactory", "AbstractFactory\AbstractFactory.csproj", "{43FD1462-202E-4409-B65C-B33614878702}"
EndProject
Project("{FAE04EC0-301F-11D3-BF4B-00C04F79EFBC}") = "Builder", "Builder\Builder.csproj", "{B546D654-A0A0-4E43-AF4F-24996A58220D}"
EndProject
Project("{FAE04EC0-301F-11D3-BF4B-00C04F79EFBC}") = "ProtoType", "ProtoType\ProtoType.csproj", "{B3BA65E4-B040-42D7-B77A-B2131C4B4CC9}"
EndProject
Global
	GlobalSection(SolutionConfigurationPlatforms) = preSolution
		Debug|Any CPU = Debug|Any CPU
		Release|Any CPU = Release|Any CPU
	EndGlobalSection
	GlobalSection(ProjectConfigurationPlatforms) = postSolution
		{A19BE759-0D57-4FAD-81A3-063F84876C47}.Debug|Any CPU.ActiveCfg = Debug|Any CPU
		{A19BE759-0D57-4FAD-81A3-063F84876C47}.Debug|Any CPU.Build.0 = Debug|Any CPU
		{A19BE759-0D57-4FAD-81A3-063F84876C47}.Release|Any CPU.ActiveCfg = Release|Any CPU
		{A19BE759-0D57-4FAD-81A3-063F84876C47}.Release|Any CPU.Build.0 = Release|Any CPU
		{D6D8D248-D45C-48CA-A099-8FF99BF800CE}.Debug|Any CPU.ActiveCfg = Debug|Any CPU
		{D6D8D248-D45C-48CA-A099-8FF99BF800CE}.Debug|Any CPU.Build.0 = Debug|Any CPU
		{D6D8D248-D45C-48CA-A099-8FF99BF800CE}.Release|Any CPU.ActiveCfg = Release|Any CPU
		{D6D8D248-D45C-48CA-A099-8FF99BF800CE}.Release|Any CPU.Build.0 = Release|Any CPU
		{43FD1462-202E-4409-B65C-B33614878702}.Debug|Any CPU.ActiveCfg = Debug|Any CPU
		{43FD1462-202E-4409-B65C-B33614878702}.Debug|Any CPU.Build.0 = Debug|Any CPU
		{43FD1462-202E-4409-B65C-B33614878702}.Release|Any CPU.ActiveCfg = Release|Any CPU
		{43FD1462-202E-4409-B65C-B33614878702}.Release|Any CPU.Build.0 = Release|Any CPU
		{B546D654-A0A0-4E43-AF4F-24996A58220D}.Debug|Any CPU.ActiveCfg = Debug|Any CPU
		{B546D654-A0A0-4E43-AF4F-24996A58220D}.Debug|Any CPU.Build.0 = Debug|Any CPU
		{B546D654-A0A0-4E43-AF4F-24996A58220D}.Release|Any CPU.ActiveCfg = Release|Any CPU
		{B546D654-A0A0-4E43-AF4F-24996A58220D}.Release|Any CPU.Build.0 = Release|Any CPU
		{B3BA65E4-B040-42D7-B77A-B2131C4B4CC9}.Debug|Any CPU.ActiveCfg = Debug|Any CPU
		{B3BA65E4-B040-42D7-B77A-B2131C4B4CC9}.Debug|Any CPU.Build.0 = Debug|Any CPU
		{B3BA65E4-B040-42D7-B77A-B2131C4B4CC9}.Release|Any CPU.ActiveCfg = Release|Any CPU
		{B3BA65E4-B040-42D7-B77A-B2131C4B4CC9}.Release|Any CPU.Build.0 = Release|Any CPU
	EndGlobalSection
	GlobalSection(SolutionProperties) = preSolution
		HideSolutionNode = FALSE
	EndGlobalSection
	GlobalSection(ExtensibilityGlobals) = postSolution
		SolutionGuid = {A45B4527-52FF-4882-B459-491BEBBDF62E}
	EndGlobalSection
EndGlobal
